// !$*UTF8*$!
{
	archiveVersion = 1;
	classes = {
	};
	objectVersion = 56;
	objects = {

/* Begin PBXBuildFile section */
		1C343B6A2C0220EF00222E59 /* AppDelegate.swift in Sources */ = {isa = PBXBuildFile; fileRef = 1C343B692C0220EF00222E59 /* AppDelegate.swift */; };
		1C343B6C2C0220EF00222E59 /* SceneDelegate.swift in Sources */ = {isa = PBXBuildFile; fileRef = 1C343B6B2C0220EF00222E59 /* SceneDelegate.swift */; };
		1C343B6E2C0220EF00222E59 /* RootMovieViewController.swift in Sources */ = {isa = PBXBuildFile; fileRef = 1C343B6D2C0220EF00222E59 /* RootMovieViewController.swift */; };
		1C343B712C0220EF00222E59 /* Base in Resources */ = {isa = PBXBuildFile; fileRef = 1C343B702C0220EF00222E59 /* Base */; };
		1C343B732C0220F000222E59 /* Assets.xcassets in Resources */ = {isa = PBXBuildFile; fileRef = 1C343B722C0220F000222E59 /* Assets.xcassets */; };
		1C343B762C0220F000222E59 /* Base in Resources */ = {isa = PBXBuildFile; fileRef = 1C343B752C0220F000222E59 /* Base */; };
		1C343B8B2C0220F000222E59 /* MovieAPPUITests.swift in Sources */ = {isa = PBXBuildFile; fileRef = 1C343B8A2C0220F000222E59 /* MovieAPPUITests.swift */; };
		1C343B8D2C0220F000222E59 /* MovieAPPUITestsLaunchTests.swift in Sources */ = {isa = PBXBuildFile; fileRef = 1C343B8C2C0220F000222E59 /* MovieAPPUITestsLaunchTests.swift */; };
		1C343B9C2C02275500222E59 /* RootMoviePresenter.swift in Sources */ = {isa = PBXBuildFile; fileRef = 1C343B9B2C02275500222E59 /* RootMoviePresenter.swift */; };
		1C343B9E2C02277600222E59 /* RootMovieInteractor.swift in Sources */ = {isa = PBXBuildFile; fileRef = 1C343B9D2C02277600222E59 /* RootMovieInteractor.swift */; };
		1C343BA02C0227CF00222E59 /* RootMovieRouter.swift in Sources */ = {isa = PBXBuildFile; fileRef = 1C343B9F2C0227CF00222E59 /* RootMovieRouter.swift */; };
		1C343BA32C0230B800222E59 /* GeneralMovieEntity.swift in Sources */ = {isa = PBXBuildFile; fileRef = 1C343BA22C0230B800222E59 /* GeneralMovieEntity.swift */; };
		1C343BA62C02334500222E59 /* HTTPClient.swift in Sources */ = {isa = PBXBuildFile; fileRef = 1C343BA52C02334500222E59 /* HTTPClient.swift */; };
		1C343BA82C0234A500222E59 /* URLSessionHTTPClient.swift in Sources */ = {isa = PBXBuildFile; fileRef = 1C343BA72C0234A500222E59 /* URLSessionHTTPClient.swift */; };
		1C343BAB2C02377200222E59 /* RootMovieInteractorTests.swift in Sources */ = {isa = PBXBuildFile; fileRef = 1C343BAA2C02377200222E59 /* RootMovieInteractorTests.swift */; };
		1C7314CA2C026F4C00C0DF8D /* BasicMovieTableViewCell.swift in Sources */ = {isa = PBXBuildFile; fileRef = 1C7314C82C026F4C00C0DF8D /* BasicMovieTableViewCell.swift */; };
		1C7314CB2C026F4C00C0DF8D /* BasicMovieTableViewCell.xib in Resources */ = {isa = PBXBuildFile; fileRef = 1C7314C92C026F4C00C0DF8D /* BasicMovieTableViewCell.xib */; };
		1C7314CE2C028B1500C0DF8D /* Kingfisher in Frameworks */ = {isa = PBXBuildFile; productRef = 1C7314CD2C028B1500C0DF8D /* Kingfisher */; };
		1C7314D02C02AD4300C0DF8D /* RootMoviePresenterTests.swift in Sources */ = {isa = PBXBuildFile; fileRef = 1C7314CF2C02AD4300C0DF8D /* RootMoviePresenterTests.swift */; };
		1CB077612C02D0050081865D /* FilterMoviePresenter.swift in Sources */ = {isa = PBXBuildFile; fileRef = 1CB077602C02D0050081865D /* FilterMoviePresenter.swift */; };
		1CB077632C02D0150081865D /* FilterMovieInteractor.swift in Sources */ = {isa = PBXBuildFile; fileRef = 1CB077622C02D0150081865D /* FilterMovieInteractor.swift */; };
		1CB077652C02D0220081865D /* FilterMovieRouter.swift in Sources */ = {isa = PBXBuildFile; fileRef = 1CB077642C02D0220081865D /* FilterMovieRouter.swift */; };
		1CB077682C02D0450081865D /* FilterMovieViewController.swift in Sources */ = {isa = PBXBuildFile; fileRef = 1CB077662C02D0450081865D /* FilterMovieViewController.swift */; };
		1CB077692C02D0450081865D /* FilterMovieViewController.xib in Resources */ = {isa = PBXBuildFile; fileRef = 1CB077672C02D0450081865D /* FilterMovieViewController.xib */; };
		1CB0776B2C0320B80081865D /* FilterMovieParameters.swift in Sources */ = {isa = PBXBuildFile; fileRef = 1CB0776A2C0320B80081865D /* FilterMovieParameters.swift */; };
		1CC728772C03850D0057894E /* FilterMovieInteractorTests.swift in Sources */ = {isa = PBXBuildFile; fileRef = 1CC728762C03850D0057894E /* FilterMovieInteractorTests.swift */; };
		1CC7287A2C0385500057894E /* HTTPClientSpy.swift in Sources */ = {isa = PBXBuildFile; fileRef = 1CC728792C0385500057894E /* HTTPClientSpy.swift */; };
		1CC7287F2C0385B20057894E /* RootMovieInteractorSpy.swift in Sources */ = {isa = PBXBuildFile; fileRef = 1CC7287E2C0385B20057894E /* RootMovieInteractorSpy.swift */; };
		1CC728812C0386CA0057894E /* RootMovieRouterSpy.swift in Sources */ = {isa = PBXBuildFile; fileRef = 1CC728802C0386CA0057894E /* RootMovieRouterSpy.swift */; };
		1CC728842C038A830057894E /* FactoriesHelpers.swift in Sources */ = {isa = PBXBuildFile; fileRef = 1CC728832C038A830057894E /* FactoriesHelpers.swift */; };
/* End PBXBuildFile section */

/* Begin PBXContainerItemProxy section */
		1C343B7D2C0220F000222E59 /* PBXContainerItemProxy */ = {
			isa = PBXContainerItemProxy;
			containerPortal = 1C343B5E2C0220EF00222E59 /* Project object */;
			proxyType = 1;
			remoteGlobalIDString = 1C343B652C0220EF00222E59;
			remoteInfo = MovieAPP;
		};
		1C343B872C0220F000222E59 /* PBXContainerItemProxy */ = {
			isa = PBXContainerItemProxy;
			containerPortal = 1C343B5E2C0220EF00222E59 /* Project object */;
			proxyType = 1;
			remoteGlobalIDString = 1C343B652C0220EF00222E59;
			remoteInfo = MovieAPP;
		};
/* End PBXContainerItemProxy section */

/* Begin PBXFileReference section */
		1C343B662C0220EF00222E59 /* MovieAPP.app */ = {isa = PBXFileReference; explicitFileType = wrapper.application; includeInIndex = 0; path = MovieAPP.app; sourceTree = BUILT_PRODUCTS_DIR; };
		1C343B692C0220EF00222E59 /* AppDelegate.swift */ = {isa = PBXFileReference; lastKnownFileType = sourcecode.swift; path = AppDelegate.swift; sourceTree = "<group>"; };
		1C343B6B2C0220EF00222E59 /* SceneDelegate.swift */ = {isa = PBXFileReference; lastKnownFileType = sourcecode.swift; path = SceneDelegate.swift; sourceTree = "<group>"; };
		1C343B6D2C0220EF00222E59 /* RootMovieViewController.swift */ = {isa = PBXFileReference; lastKnownFileType = sourcecode.swift; path = RootMovieViewController.swift; sourceTree = "<group>"; };
		1C343B702C0220EF00222E59 /* Base */ = {isa = PBXFileReference; lastKnownFileType = file.storyboard; name = Base; path = Base.lproj/Main.storyboard; sourceTree = "<group>"; };
		1C343B722C0220F000222E59 /* Assets.xcassets */ = {isa = PBXFileReference; lastKnownFileType = folder.assetcatalog; path = Assets.xcassets; sourceTree = "<group>"; };
		1C343B752C0220F000222E59 /* Base */ = {isa = PBXFileReference; lastKnownFileType = file.storyboard; name = Base; path = Base.lproj/LaunchScreen.storyboard; sourceTree = "<group>"; };
		1C343B772C0220F000222E59 /* Info.plist */ = {isa = PBXFileReference; lastKnownFileType = text.plist.xml; path = Info.plist; sourceTree = "<group>"; };
		1C343B7C2C0220F000222E59 /* MovieAPPTests.xctest */ = {isa = PBXFileReference; explicitFileType = wrapper.cfbundle; includeInIndex = 0; path = MovieAPPTests.xctest; sourceTree = BUILT_PRODUCTS_DIR; };
		1C343B862C0220F000222E59 /* MovieAPPUITests.xctest */ = {isa = PBXFileReference; explicitFileType = wrapper.cfbundle; includeInIndex = 0; path = MovieAPPUITests.xctest; sourceTree = BUILT_PRODUCTS_DIR; };
		1C343B8A2C0220F000222E59 /* MovieAPPUITests.swift */ = {isa = PBXFileReference; lastKnownFileType = sourcecode.swift; path = MovieAPPUITests.swift; sourceTree = "<group>"; };
		1C343B8C2C0220F000222E59 /* MovieAPPUITestsLaunchTests.swift */ = {isa = PBXFileReference; lastKnownFileType = sourcecode.swift; path = MovieAPPUITestsLaunchTests.swift; sourceTree = "<group>"; };
		1C343B9B2C02275500222E59 /* RootMoviePresenter.swift */ = {isa = PBXFileReference; lastKnownFileType = sourcecode.swift; path = RootMoviePresenter.swift; sourceTree = "<group>"; };
		1C343B9D2C02277600222E59 /* RootMovieInteractor.swift */ = {isa = PBXFileReference; lastKnownFileType = sourcecode.swift; path = RootMovieInteractor.swift; sourceTree = "<group>"; };
		1C343B9F2C0227CF00222E59 /* RootMovieRouter.swift */ = {isa = PBXFileReference; lastKnownFileType = sourcecode.swift; path = RootMovieRouter.swift; sourceTree = "<group>"; };
		1C343BA22C0230B800222E59 /* GeneralMovieEntity.swift */ = {isa = PBXFileReference; lastKnownFileType = sourcecode.swift; path = GeneralMovieEntity.swift; sourceTree = "<group>"; };
		1C343BA52C02334500222E59 /* HTTPClient.swift */ = {isa = PBXFileReference; lastKnownFileType = sourcecode.swift; path = HTTPClient.swift; sourceTree = "<group>"; };
		1C343BA72C0234A500222E59 /* URLSessionHTTPClient.swift */ = {isa = PBXFileReference; lastKnownFileType = sourcecode.swift; path = URLSessionHTTPClient.swift; sourceTree = "<group>"; };
		1C343BAA2C02377200222E59 /* RootMovieInteractorTests.swift */ = {isa = PBXFileReference; lastKnownFileType = sourcecode.swift; path = RootMovieInteractorTests.swift; sourceTree = "<group>"; };
		1C7314C82C026F4C00C0DF8D /* BasicMovieTableViewCell.swift */ = {isa = PBXFileReference; lastKnownFileType = sourcecode.swift; path = BasicMovieTableViewCell.swift; sourceTree = "<group>"; };
		1C7314C92C026F4C00C0DF8D /* BasicMovieTableViewCell.xib */ = {isa = PBXFileReference; lastKnownFileType = file.xib; path = BasicMovieTableViewCell.xib; sourceTree = "<group>"; };
		1C7314CF2C02AD4300C0DF8D /* RootMoviePresenterTests.swift */ = {isa = PBXFileReference; lastKnownFileType = sourcecode.swift; path = RootMoviePresenterTests.swift; sourceTree = "<group>"; };
		1CB077602C02D0050081865D /* FilterMoviePresenter.swift */ = {isa = PBXFileReference; lastKnownFileType = sourcecode.swift; path = FilterMoviePresenter.swift; sourceTree = "<group>"; };
		1CB077622C02D0150081865D /* FilterMovieInteractor.swift */ = {isa = PBXFileReference; lastKnownFileType = sourcecode.swift; path = FilterMovieInteractor.swift; sourceTree = "<group>"; };
		1CB077642C02D0220081865D /* FilterMovieRouter.swift */ = {isa = PBXFileReference; lastKnownFileType = sourcecode.swift; path = FilterMovieRouter.swift; sourceTree = "<group>"; };
		1CB077662C02D0450081865D /* FilterMovieViewController.swift */ = {isa = PBXFileReference; lastKnownFileType = sourcecode.swift; path = FilterMovieViewController.swift; sourceTree = "<group>"; };
		1CB077672C02D0450081865D /* FilterMovieViewController.xib */ = {isa = PBXFileReference; lastKnownFileType = file.xib; path = FilterMovieViewController.xib; sourceTree = "<group>"; };
		1CB0776A2C0320B80081865D /* FilterMovieParameters.swift */ = {isa = PBXFileReference; lastKnownFileType = sourcecode.swift; path = FilterMovieParameters.swift; sourceTree = "<group>"; };
		1CC728762C03850D0057894E /* FilterMovieInteractorTests.swift */ = {isa = PBXFileReference; lastKnownFileType = sourcecode.swift; path = FilterMovieInteractorTests.swift; sourceTree = "<group>"; };
		1CC728792C0385500057894E /* HTTPClientSpy.swift */ = {isa = PBXFileReference; lastKnownFileType = sourcecode.swift; path = HTTPClientSpy.swift; sourceTree = "<group>"; };
		1CC7287E2C0385B20057894E /* RootMovieInteractorSpy.swift */ = {isa = PBXFileReference; lastKnownFileType = sourcecode.swift; path = RootMovieInteractorSpy.swift; sourceTree = "<group>"; };
		1CC728802C0386CA0057894E /* RootMovieRouterSpy.swift */ = {isa = PBXFileReference; lastKnownFileType = sourcecode.swift; path = RootMovieRouterSpy.swift; sourceTree = "<group>"; };
		1CC728832C038A830057894E /* FactoriesHelpers.swift */ = {isa = PBXFileReference; lastKnownFileType = sourcecode.swift; path = FactoriesHelpers.swift; sourceTree = "<group>"; };
/* End PBXFileReference section */

/* Begin PBXFrameworksBuildPhase section */
		1C343B632C0220EF00222E59 /* Frameworks */ = {
			isa = PBXFrameworksBuildPhase;
			buildActionMask = 2147483647;
			files = (
				1C7314CE2C028B1500C0DF8D /* Kingfisher in Frameworks */,
			);
			runOnlyForDeploymentPostprocessing = 0;
		};
		1C343B792C0220F000222E59 /* Frameworks */ = {
			isa = PBXFrameworksBuildPhase;
			buildActionMask = 2147483647;
			files = (
			);
			runOnlyForDeploymentPostprocessing = 0;
		};
		1C343B832C0220F000222E59 /* Frameworks */ = {
			isa = PBXFrameworksBuildPhase;
			buildActionMask = 2147483647;
			files = (
			);
			runOnlyForDeploymentPostprocessing = 0;
		};
/* End PBXFrameworksBuildPhase section */

/* Begin PBXGroup section */
		1C343B5D2C0220EF00222E59 = {
			isa = PBXGroup;
			children = (
				1C343B682C0220EF00222E59 /* MovieAPP */,
				1C343B7F2C0220F000222E59 /* MovieAPPTests */,
				1C343B892C0220F000222E59 /* MovieAPPUITests */,
				1C343B672C0220EF00222E59 /* Products */,
			);
			sourceTree = "<group>";
		};
		1C343B672C0220EF00222E59 /* Products */ = {
			isa = PBXGroup;
			children = (
				1C343B662C0220EF00222E59 /* MovieAPP.app */,
				1C343B7C2C0220F000222E59 /* MovieAPPTests.xctest */,
				1C343B862C0220F000222E59 /* MovieAPPUITests.xctest */,
			);
			name = Products;
			sourceTree = "<group>";
		};
		1C343B682C0220EF00222E59 /* MovieAPP */ = {
			isa = PBXGroup;
			children = (
				1CB0775F2C02CFEC0081865D /* FilterMovie */,
				1C7314C72C026E7600C0DF8D /* UIComponents */,
				1C343BA42C02331500222E59 /* Networking */,
				1C343B992C02242B00222E59 /* RootMovie */,
				1C343B692C0220EF00222E59 /* AppDelegate.swift */,
				1C343B6B2C0220EF00222E59 /* SceneDelegate.swift */,
				1C343B6F2C0220EF00222E59 /* Main.storyboard */,
				1C343B722C0220F000222E59 /* Assets.xcassets */,
				1C343B742C0220F000222E59 /* LaunchScreen.storyboard */,
				1C343B772C0220F000222E59 /* Info.plist */,
			);
			path = MovieAPP;
			sourceTree = "<group>";
		};
		1C343B7F2C0220F000222E59 /* MovieAPPTests */ = {
			isa = PBXGroup;
			children = (
				1CC728822C038A480057894E /* Helpers */,
				1CC728782C0385360057894E /* Mocks */,
				1C343BAA2C02377200222E59 /* RootMovieInteractorTests.swift */,
				1C7314CF2C02AD4300C0DF8D /* RootMoviePresenterTests.swift */,
				1CC728762C03850D0057894E /* FilterMovieInteractorTests.swift */,
			);
			path = MovieAPPTests;
			sourceTree = "<group>";
		};
		1C343B892C0220F000222E59 /* MovieAPPUITests */ = {
			isa = PBXGroup;
			children = (
				1C343B8A2C0220F000222E59 /* MovieAPPUITests.swift */,
				1C343B8C2C0220F000222E59 /* MovieAPPUITestsLaunchTests.swift */,
			);
			path = MovieAPPUITests;
			sourceTree = "<group>";
		};
		1C343B992C02242B00222E59 /* RootMovie */ = {
			isa = PBXGroup;
			children = (
				1C343B6D2C0220EF00222E59 /* RootMovieViewController.swift */,
				1C343B9B2C02275500222E59 /* RootMoviePresenter.swift */,
				1C343B9D2C02277600222E59 /* RootMovieInteractor.swift */,
				1C343B9F2C0227CF00222E59 /* RootMovieRouter.swift */,
			);
			path = RootMovie;
			sourceTree = "<group>";
		};
		1C343BA42C02331500222E59 /* Networking */ = {
			isa = PBXGroup;
			children = (
				1C343BA52C02334500222E59 /* HTTPClient.swift */,
				1C343BA72C0234A500222E59 /* URLSessionHTTPClient.swift */,
				1C343BA22C0230B800222E59 /* GeneralMovieEntity.swift */,
			);
			path = Networking;
			sourceTree = "<group>";
		};
		1C7314C72C026E7600C0DF8D /* UIComponents */ = {
			isa = PBXGroup;
			children = (
				1C7314C82C026F4C00C0DF8D /* BasicMovieTableViewCell.swift */,
				1C7314C92C026F4C00C0DF8D /* BasicMovieTableViewCell.xib */,
			);
			path = UIComponents;
			sourceTree = "<group>";
		};
		1CB0775F2C02CFEC0081865D /* FilterMovie */ = {
			isa = PBXGroup;
			children = (
				1CB077602C02D0050081865D /* FilterMoviePresenter.swift */,
				1CB077622C02D0150081865D /* FilterMovieInteractor.swift */,
				1CB077642C02D0220081865D /* FilterMovieRouter.swift */,
				1CB077662C02D0450081865D /* FilterMovieViewController.swift */,
				1CB077672C02D0450081865D /* FilterMovieViewController.xib */,
				1CB0776A2C0320B80081865D /* FilterMovieParameters.swift */,
			);
			path = FilterMovie;
			sourceTree = "<group>";
		};
		1CC728782C0385360057894E /* Mocks */ = {
			isa = PBXGroup;
			children = (
				1CC728792C0385500057894E /* HTTPClientSpy.swift */,
				1CC7287E2C0385B20057894E /* RootMovieInteractorSpy.swift */,
				1CC728802C0386CA0057894E /* RootMovieRouterSpy.swift */,
			);
			path = Mocks;
			sourceTree = "<group>";
		};
		1CC728822C038A480057894E /* Helpers */ = {
			isa = PBXGroup;
			children = (
				1CC728832C038A830057894E /* FactoriesHelpers.swift */,
			);
			path = Helpers;
			sourceTree = "<group>";
		};
/* End PBXGroup section */

/* Begin PBXNativeTarget section */
		1C343B652C0220EF00222E59 /* MovieAPP */ = {
			isa = PBXNativeTarget;
			buildConfigurationList = 1C343B902C0220F000222E59 /* Build configuration list for PBXNativeTarget "MovieAPP" */;
			buildPhases = (
				1C343B622C0220EF00222E59 /* Sources */,
				1C343B632C0220EF00222E59 /* Frameworks */,
				1C343B642C0220EF00222E59 /* Resources */,
			);
			buildRules = (
			);
			dependencies = (
			);
			name = MovieAPP;
			packageProductDependencies = (
				1C7314CD2C028B1500C0DF8D /* Kingfisher */,
			);
			productName = MovieAPP;
			productReference = 1C343B662C0220EF00222E59 /* MovieAPP.app */;
			productType = "com.apple.product-type.application";
		};
		1C343B7B2C0220F000222E59 /* MovieAPPTests */ = {
			isa = PBXNativeTarget;
			buildConfigurationList = 1C343B932C0220F000222E59 /* Build configuration list for PBXNativeTarget "MovieAPPTests" */;
			buildPhases = (
				1C343B782C0220F000222E59 /* Sources */,
				1C343B792C0220F000222E59 /* Frameworks */,
				1C343B7A2C0220F000222E59 /* Resources */,
			);
			buildRules = (
			);
			dependencies = (
				1C343B7E2C0220F000222E59 /* PBXTargetDependency */,
			);
			name = MovieAPPTests;
			productName = MovieAPPTests;
			productReference = 1C343B7C2C0220F000222E59 /* MovieAPPTests.xctest */;
			productType = "com.apple.product-type.bundle.unit-test";
		};
		1C343B852C0220F000222E59 /* MovieAPPUITests */ = {
			isa = PBXNativeTarget;
			buildConfigurationList = 1C343B962C0220F000222E59 /* Build configuration list for PBXNativeTarget "MovieAPPUITests" */;
			buildPhases = (
				1C343B822C0220F000222E59 /* Sources */,
				1C343B832C0220F000222E59 /* Frameworks */,
				1C343B842C0220F000222E59 /* Resources */,
			);
			buildRules = (
			);
			dependencies = (
				1C343B882C0220F000222E59 /* PBXTargetDependency */,
			);
			name = MovieAPPUITests;
			productName = MovieAPPUITests;
			productReference = 1C343B862C0220F000222E59 /* MovieAPPUITests.xctest */;
			productType = "com.apple.product-type.bundle.ui-testing";
		};
/* End PBXNativeTarget section */

/* Begin PBXProject section */
		1C343B5E2C0220EF00222E59 /* Project object */ = {
			isa = PBXProject;
			attributes = {
				BuildIndependentTargetsInParallel = 1;
				LastSwiftUpdateCheck = 1540;
				LastUpgradeCheck = 1540;
				TargetAttributes = {
					1C343B652C0220EF00222E59 = {
						CreatedOnToolsVersion = 15.4;
					};
					1C343B7B2C0220F000222E59 = {
						CreatedOnToolsVersion = 15.4;
						TestTargetID = 1C343B652C0220EF00222E59;
					};
					1C343B852C0220F000222E59 = {
						CreatedOnToolsVersion = 15.4;
						TestTargetID = 1C343B652C0220EF00222E59;
					};
				};
			};
			buildConfigurationList = 1C343B612C0220EF00222E59 /* Build configuration list for PBXProject "MovieAPP" */;
			compatibilityVersion = "Xcode 14.0";
			developmentRegion = en;
			hasScannedForEncodings = 0;
			knownRegions = (
				en,
				Base,
			);
			mainGroup = 1C343B5D2C0220EF00222E59;
			packageReferences = (
				1C7314CC2C028B1500C0DF8D /* XCRemoteSwiftPackageReference "Kingfisher" */,
			);
			productRefGroup = 1C343B672C0220EF00222E59 /* Products */;
			projectDirPath = "";
			projectRoot = "";
			targets = (
				1C343B652C0220EF00222E59 /* MovieAPP */,
				1C343B7B2C0220F000222E59 /* MovieAPPTests */,
				1C343B852C0220F000222E59 /* MovieAPPUITests */,
			);
		};
/* End PBXProject section */

/* Begin PBXResourcesBuildPhase section */
		1C343B642C0220EF00222E59 /* Resources */ = {
			isa = PBXResourcesBuildPhase;
			buildActionMask = 2147483647;
			files = (
				1CB077692C02D0450081865D /* FilterMovieViewController.xib in Resources */,
				1C343B732C0220F000222E59 /* Assets.xcassets in Resources */,
				1C7314CB2C026F4C00C0DF8D /* BasicMovieTableViewCell.xib in Resources */,
				1C343B762C0220F000222E59 /* Base in Resources */,
				1C343B712C0220EF00222E59 /* Base in Resources */,
			);
			runOnlyForDeploymentPostprocessing = 0;
		};
		1C343B7A2C0220F000222E59 /* Resources */ = {
			isa = PBXResourcesBuildPhase;
			buildActionMask = 2147483647;
			files = (
			);
			runOnlyForDeploymentPostprocessing = 0;
		};
		1C343B842C0220F000222E59 /* Resources */ = {
			isa = PBXResourcesBuildPhase;
			buildActionMask = 2147483647;
			files = (
			);
			runOnlyForDeploymentPostprocessing = 0;
		};
/* End PBXResourcesBuildPhase section */

/* Begin PBXSourcesBuildPhase section */
		1C343B622C0220EF00222E59 /* Sources */ = {
			isa = PBXSourcesBuildPhase;
			buildActionMask = 2147483647;
			files = (
				1C343B6E2C0220EF00222E59 /* RootMovieViewController.swift in Sources */,
				1C343B6A2C0220EF00222E59 /* AppDelegate.swift in Sources */,
				1CB077612C02D0050081865D /* FilterMoviePresenter.swift in Sources */,
				1CB077632C02D0150081865D /* FilterMovieInteractor.swift in Sources */,
				1C343BA62C02334500222E59 /* HTTPClient.swift in Sources */,
				1CB077652C02D0220081865D /* FilterMovieRouter.swift in Sources */,
				1C7314CA2C026F4C00C0DF8D /* BasicMovieTableViewCell.swift in Sources */,
				1C343B6C2C0220EF00222E59 /* SceneDelegate.swift in Sources */,
				1C343BA32C0230B800222E59 /* GeneralMovieEntity.swift in Sources */,
				1C343BA02C0227CF00222E59 /* RootMovieRouter.swift in Sources */,
				1CB0776B2C0320B80081865D /* FilterMovieParameters.swift in Sources */,
				1C343B9E2C02277600222E59 /* RootMovieInteractor.swift in Sources */,
				1C343B9C2C02275500222E59 /* RootMoviePresenter.swift in Sources */,
				1C343BA82C0234A500222E59 /* URLSessionHTTPClient.swift in Sources */,
				1CB077682C02D0450081865D /* FilterMovieViewController.swift in Sources */,
			);
			runOnlyForDeploymentPostprocessing = 0;
		};
		1C343B782C0220F000222E59 /* Sources */ = {
			isa = PBXSourcesBuildPhase;
			buildActionMask = 2147483647;
			files = (
				1C7314D02C02AD4300C0DF8D /* RootMoviePresenterTests.swift in Sources */,
				1CC728812C0386CA0057894E /* RootMovieRouterSpy.swift in Sources */,
				1CC7287F2C0385B20057894E /* RootMovieInteractorSpy.swift in Sources */,
				1CC728842C038A830057894E /* FactoriesHelpers.swift in Sources */,
				1C343BAB2C02377200222E59 /* RootMovieInteractorTests.swift in Sources */,
				1CC728772C03850D0057894E /* FilterMovieInteractorTests.swift in Sources */,
				1CC7287A2C0385500057894E /* HTTPClientSpy.swift in Sources */,
			);
			runOnlyForDeploymentPostprocessing = 0;
		};
		1C343B822C0220F000222E59 /* Sources */ = {
			isa = PBXSourcesBuildPhase;
			buildActionMask = 2147483647;
			files = (
				1C343B8D2C0220F000222E59 /* MovieAPPUITestsLaunchTests.swift in Sources */,
				1C343B8B2C0220F000222E59 /* MovieAPPUITests.swift in Sources */,
			);
			runOnlyForDeploymentPostprocessing = 0;
		};
/* End PBXSourcesBuildPhase section */

/* Begin PBXTargetDependency section */
		1C343B7E2C0220F000222E59 /* PBXTargetDependency */ = {
			isa = PBXTargetDependency;
			target = 1C343B652C0220EF00222E59 /* MovieAPP */;
			targetProxy = 1C343B7D2C0220F000222E59 /* PBXContainerItemProxy */;
		};
		1C343B882C0220F000222E59 /* PBXTargetDependency */ = {
			isa = PBXTargetDependency;
			target = 1C343B652C0220EF00222E59 /* MovieAPP */;
			targetProxy = 1C343B872C0220F000222E59 /* PBXContainerItemProxy */;
		};
/* End PBXTargetDependency section */

/* Begin PBXVariantGroup section */
		1C343B6F2C0220EF00222E59 /* Main.storyboard */ = {
			isa = PBXVariantGroup;
			children = (
				1C343B702C0220EF00222E59 /* Base */,
			);
			name = Main.storyboard;
			sourceTree = "<group>";
		};
		1C343B742C0220F000222E59 /* LaunchScreen.storyboard */ = {
			isa = PBXVariantGroup;
			children = (
				1C343B752C0220F000222E59 /* Base */,
			);
			name = LaunchScreen.storyboard;
			sourceTree = "<group>";
		};
/* End PBXVariantGroup section */

/* Begin XCBuildConfiguration section */
		1C343B8E2C0220F000222E59 /* Debug */ = {
			isa = XCBuildConfiguration;
			buildSettings = {
				ALWAYS_SEARCH_USER_PATHS = NO;
				ASSETCATALOG_COMPILER_GENERATE_SWIFT_ASSET_SYMBOL_EXTENSIONS = YES;
				CLANG_ANALYZER_NONNULL = YES;
				CLANG_ANALYZER_NUMBER_OBJECT_CONVERSION = YES_AGGRESSIVE;
				CLANG_CXX_LANGUAGE_STANDARD = "gnu++20";
				CLANG_ENABLE_MODULES = YES;
				CLANG_ENABLE_OBJC_ARC = YES;
				CLANG_ENABLE_OBJC_WEAK = YES;
				CLANG_WARN_BLOCK_CAPTURE_AUTORELEASING = YES;
				CLANG_WARN_BOOL_CONVERSION = YES;
				CLANG_WARN_COMMA = YES;
				CLANG_WARN_CONSTANT_CONVERSION = YES;
				CLANG_WARN_DEPRECATED_OBJC_IMPLEMENTATIONS = YES;
				CLANG_WARN_DIRECT_OBJC_ISA_USAGE = YES_ERROR;
				CLANG_WARN_DOCUMENTATION_COMMENTS = YES;
				CLANG_WARN_EMPTY_BODY = YES;
				CLANG_WARN_ENUM_CONVERSION = YES;
				CLANG_WARN_INFINITE_RECURSION = YES;
				CLANG_WARN_INT_CONVERSION = YES;
				CLANG_WARN_NON_LITERAL_NULL_CONVERSION = YES;
				CLANG_WARN_OBJC_IMPLICIT_RETAIN_SELF = YES;
				CLANG_WARN_OBJC_LITERAL_CONVERSION = YES;
				CLANG_WARN_OBJC_ROOT_CLASS = YES_ERROR;
				CLANG_WARN_QUOTED_INCLUDE_IN_FRAMEWORK_HEADER = YES;
				CLANG_WARN_RANGE_LOOP_ANALYSIS = YES;
				CLANG_WARN_STRICT_PROTOTYPES = YES;
				CLANG_WARN_SUSPICIOUS_MOVE = YES;
				CLANG_WARN_UNGUARDED_AVAILABILITY = YES_AGGRESSIVE;
				CLANG_WARN_UNREACHABLE_CODE = YES;
				CLANG_WARN__DUPLICATE_METHOD_MATCH = YES;
				COPY_PHASE_STRIP = NO;
				DEBUG_INFORMATION_FORMAT = dwarf;
				ENABLE_STRICT_OBJC_MSGSEND = YES;
				ENABLE_TESTABILITY = YES;
				ENABLE_USER_SCRIPT_SANDBOXING = YES;
				GCC_C_LANGUAGE_STANDARD = gnu17;
				GCC_DYNAMIC_NO_PIC = NO;
				GCC_NO_COMMON_BLOCKS = YES;
				GCC_OPTIMIZATION_LEVEL = 0;
				GCC_PREPROCESSOR_DEFINITIONS = (
					"DEBUG=1",
					"$(inherited)",
				);
				GCC_WARN_64_TO_32_BIT_CONVERSION = YES;
				GCC_WARN_ABOUT_RETURN_TYPE = YES_ERROR;
				GCC_WARN_UNDECLARED_SELECTOR = YES;
				GCC_WARN_UNINITIALIZED_AUTOS = YES_AGGRESSIVE;
				GCC_WARN_UNUSED_FUNCTION = YES;
				GCC_WARN_UNUSED_VARIABLE = YES;
				IPHONEOS_DEPLOYMENT_TARGET = 17.5;
				LOCALIZATION_PREFERS_STRING_CATALOGS = YES;
				MTL_ENABLE_DEBUG_INFO = INCLUDE_SOURCE;
				MTL_FAST_MATH = YES;
				ONLY_ACTIVE_ARCH = YES;
				SDKROOT = iphoneos;
				SWIFT_ACTIVE_COMPILATION_CONDITIONS = "DEBUG $(inherited)";
				SWIFT_OPTIMIZATION_LEVEL = "-Onone";
			};
			name = Debug;
		};
		1C343B8F2C0220F000222E59 /* Release */ = {
			isa = XCBuildConfiguration;
			buildSettings = {
				ALWAYS_SEARCH_USER_PATHS = NO;
				ASSETCATALOG_COMPILER_GENERATE_SWIFT_ASSET_SYMBOL_EXTENSIONS = YES;
				CLANG_ANALYZER_NONNULL = YES;
				CLANG_ANALYZER_NUMBER_OBJECT_CONVERSION = YES_AGGRESSIVE;
				CLANG_CXX_LANGUAGE_STANDARD = "gnu++20";
				CLANG_ENABLE_MODULES = YES;
				CLANG_ENABLE_OBJC_ARC = YES;
				CLANG_ENABLE_OBJC_WEAK = YES;
				CLANG_WARN_BLOCK_CAPTURE_AUTORELEASING = YES;
				CLANG_WARN_BOOL_CONVERSION = YES;
				CLANG_WARN_COMMA = YES;
				CLANG_WARN_CONSTANT_CONVERSION = YES;
				CLANG_WARN_DEPRECATED_OBJC_IMPLEMENTATIONS = YES;
				CLANG_WARN_DIRECT_OBJC_ISA_USAGE = YES_ERROR;
				CLANG_WARN_DOCUMENTATION_COMMENTS = YES;
				CLANG_WARN_EMPTY_BODY = YES;
				CLANG_WARN_ENUM_CONVERSION = YES;
				CLANG_WARN_INFINITE_RECURSION = YES;
				CLANG_WARN_INT_CONVERSION = YES;
				CLANG_WARN_NON_LITERAL_NULL_CONVERSION = YES;
				CLANG_WARN_OBJC_IMPLICIT_RETAIN_SELF = YES;
				CLANG_WARN_OBJC_LITERAL_CONVERSION = YES;
				CLANG_WARN_OBJC_ROOT_CLASS = YES_ERROR;
				CLANG_WARN_QUOTED_INCLUDE_IN_FRAMEWORK_HEADER = YES;
				CLANG_WARN_RANGE_LOOP_ANALYSIS = YES;
				CLANG_WARN_STRICT_PROTOTYPES = YES;
				CLANG_WARN_SUSPICIOUS_MOVE = YES;
				CLANG_WARN_UNGUARDED_AVAILABILITY = YES_AGGRESSIVE;
				CLANG_WARN_UNREACHABLE_CODE = YES;
				CLANG_WARN__DUPLICATE_METHOD_MATCH = YES;
				COPY_PHASE_STRIP = NO;
				DEBUG_INFORMATION_FORMAT = "dwarf-with-dsym";
				ENABLE_NS_ASSERTIONS = NO;
				ENABLE_STRICT_OBJC_MSGSEND = YES;
				ENABLE_USER_SCRIPT_SANDBOXING = YES;
				GCC_C_LANGUAGE_STANDARD = gnu17;
				GCC_NO_COMMON_BLOCKS = YES;
				GCC_WARN_64_TO_32_BIT_CONVERSION = YES;
				GCC_WARN_ABOUT_RETURN_TYPE = YES_ERROR;
				GCC_WARN_UNDECLARED_SELECTOR = YES;
				GCC_WARN_UNINITIALIZED_AUTOS = YES_AGGRESSIVE;
				GCC_WARN_UNUSED_FUNCTION = YES;
				GCC_WARN_UNUSED_VARIABLE = YES;
				IPHONEOS_DEPLOYMENT_TARGET = 17.5;
				LOCALIZATION_PREFERS_STRING_CATALOGS = YES;
				MTL_ENABLE_DEBUG_INFO = NO;
				MTL_FAST_MATH = YES;
				SDKROOT = iphoneos;
				SWIFT_COMPILATION_MODE = wholemodule;
				VALIDATE_PRODUCT = YES;
			};
			name = Release;
		};
		1C343B912C0220F000222E59 /* Debug */ = {
			isa = XCBuildConfiguration;
			buildSettings = {
				ASSETCATALOG_COMPILER_APPICON_NAME = AppIcon;
				ASSETCATALOG_COMPILER_GLOBAL_ACCENT_COLOR_NAME = AccentColor;
				CODE_SIGN_STYLE = Automatic;
				CURRENT_PROJECT_VERSION = 1;
				DEVELOPMENT_TEAM = K6H8H2F87M;
				GENERATE_INFOPLIST_FILE = YES;
				INFOPLIST_FILE = MovieAPP/Info.plist;
				INFOPLIST_KEY_UIApplicationSupportsIndirectInputEvents = YES;
				INFOPLIST_KEY_UILaunchStoryboardName = LaunchScreen;
				INFOPLIST_KEY_UIMainStoryboardFile = Main;
				INFOPLIST_KEY_UISupportedInterfaceOrientations_iPad = "UIInterfaceOrientationPortrait UIInterfaceOrientationPortraitUpsideDown UIInterfaceOrientationLandscapeLeft UIInterfaceOrientationLandscapeRight";
				INFOPLIST_KEY_UISupportedInterfaceOrientations_iPhone = "UIInterfaceOrientationPortrait UIInterfaceOrientationLandscapeLeft UIInterfaceOrientationLandscapeRight";
				IPHONEOS_DEPLOYMENT_TARGET = 16.5;
				LD_RUNPATH_SEARCH_PATHS = (
					"$(inherited)",
					"@executable_path/Frameworks",
				);
				MARKETING_VERSION = 1.0;
				PRODUCT_BUNDLE_IDENTIFIER = com.michaelrodriguez.MovieAPP;
				PRODUCT_NAME = "$(TARGET_NAME)";
				SWIFT_EMIT_LOC_STRINGS = YES;
				SWIFT_VERSION = 5.0;
				TARGETED_DEVICE_FAMILY = "1,2";
			};
			name = Debug;
		};
		1C343B922C0220F000222E59 /* Release */ = {
			isa = XCBuildConfiguration;
			buildSettings = {
				ASSETCATALOG_COMPILER_APPICON_NAME = AppIcon;
				ASSETCATALOG_COMPILER_GLOBAL_ACCENT_COLOR_NAME = AccentColor;
				CODE_SIGN_STYLE = Automatic;
				CURRENT_PROJECT_VERSION = 1;
				DEVELOPMENT_TEAM = K6H8H2F87M;
				GENERATE_INFOPLIST_FILE = YES;
				INFOPLIST_FILE = MovieAPP/Info.plist;
				INFOPLIST_KEY_UIApplicationSupportsIndirectInputEvents = YES;
				INFOPLIST_KEY_UILaunchStoryboardName = LaunchScreen;
				INFOPLIST_KEY_UIMainStoryboardFile = Main;
				INFOPLIST_KEY_UISupportedInterfaceOrientations_iPad = "UIInterfaceOrientationPortrait UIInterfaceOrientationPortraitUpsideDown UIInterfaceOrientationLandscapeLeft UIInterfaceOrientationLandscapeRight";
				INFOPLIST_KEY_UISupportedInterfaceOrientations_iPhone = "UIInterfaceOrientationPortrait UIInterfaceOrientationLandscapeLeft UIInterfaceOrientationLandscapeRight";
				IPHONEOS_DEPLOYMENT_TARGET = 16.5;
				LD_RUNPATH_SEARCH_PATHS = (
					"$(inherited)",
					"@executable_path/Frameworks",
				);
				MARKETING_VERSION = 1.0;
				PRODUCT_BUNDLE_IDENTIFIER = com.michaelrodriguez.MovieAPP;
				PRODUCT_NAME = "$(TARGET_NAME)";
				SWIFT_EMIT_LOC_STRINGS = YES;
				SWIFT_VERSION = 5.0;
				TARGETED_DEVICE_FAMILY = "1,2";
			};
			name = Release;
		};
		1C343B942C0220F000222E59 /* Debug */ = {
			isa = XCBuildConfiguration;
			buildSettings = {
				ALWAYS_EMBED_SWIFT_STANDARD_LIBRARIES = YES;
				BUNDLE_LOADER = "$(TEST_HOST)";
				CODE_SIGN_STYLE = Automatic;
				CURRENT_PROJECT_VERSION = 1;
				DEVELOPMENT_TEAM = K6H8H2F87M;
				GENERATE_INFOPLIST_FILE = YES;
				IPHONEOS_DEPLOYMENT_TARGET = 17.5;
				MARKETING_VERSION = 1.0;
				PRODUCT_BUNDLE_IDENTIFIER = com.michaelrodriguez.MovieAPPTests;
				PRODUCT_NAME = "$(TARGET_NAME)";
				SWIFT_EMIT_LOC_STRINGS = NO;
				SWIFT_VERSION = 5.0;
				TARGETED_DEVICE_FAMILY = "1,2";
				TEST_HOST = "$(BUILT_PRODUCTS_DIR)/MovieAPP.app/$(BUNDLE_EXECUTABLE_FOLDER_PATH)/MovieAPP";
			};
			name = Debug;
		};
		1C343B952C0220F000222E59 /* Release */ = {
			isa = XCBuildConfiguration;
			buildSettings = {
				ALWAYS_EMBED_SWIFT_STANDARD_LIBRARIES = YES;
				BUNDLE_LOADER = "$(TEST_HOST)";
				CODE_SIGN_STYLE = Automatic;
				CURRENT_PROJECT_VERSION = 1;
				DEVELOPMENT_TEAM = K6H8H2F87M;
				GENERATE_INFOPLIST_FILE = YES;
				IPHONEOS_DEPLOYMENT_TARGET = 17.5;
				MARKETING_VERSION = 1.0;
				PRODUCT_BUNDLE_IDENTIFIER = com.michaelrodriguez.MovieAPPTests;
				PRODUCT_NAME = "$(TARGET_NAME)";
				SWIFT_EMIT_LOC_STRINGS = NO;
				SWIFT_VERSION = 5.0;
				TARGETED_DEVICE_FAMILY = "1,2";
				TEST_HOST = "$(BUILT_PRODUCTS_DIR)/MovieAPP.app/$(BUNDLE_EXECUTABLE_FOLDER_PATH)/MovieAPP";
			};
			name = Release;
		};
		1C343B972C0220F000222E59 /* Debug */ = {
			isa = XCBuildConfiguration;
			buildSettings = {
				ALWAYS_EMBED_SWIFT_STANDARD_LIBRARIES = YES;
				CODE_SIGN_STYLE = Automatic;
				CURRENT_PROJECT_VERSION = 1;
				DEVELOPMENT_TEAM = K6H8H2F87M;
				GENERATE_INFOPLIST_FILE = YES;
				MARKETING_VERSION = 1.0;
				PRODUCT_BUNDLE_IDENTIFIER = com.michaelrodriguez.MovieAPPUITests;
				PRODUCT_NAME = "$(TARGET_NAME)";
				SWIFT_EMIT_LOC_STRINGS = NO;
				SWIFT_VERSION = 5.0;
				TARGETED_DEVICE_FAMILY = "1,2";
				TEST_TARGET_NAME = MovieAPP;
			};
			name = Debug;
		};
		1C343B982C0220F000222E59 /* Release */ = {
			isa = XCBuildConfiguration;
			buildSettings = {
				ALWAYS_EMBED_SWIFT_STANDARD_LIBRARIES = YES;
				CODE_SIGN_STYLE = Automatic;
				CURRENT_PROJECT_VERSION = 1;
				DEVELOPMENT_TEAM = K6H8H2F87M;
				GENERATE_INFOPLIST_FILE = YES;
				MARKETING_VERSION = 1.0;
				PRODUCT_BUNDLE_IDENTIFIER = com.michaelrodriguez.MovieAPPUITests;
				PRODUCT_NAME = "$(TARGET_NAME)";
				SWIFT_EMIT_LOC_STRINGS = NO;
				SWIFT_VERSION = 5.0;
				TARGETED_DEVICE_FAMILY = "1,2";
				TEST_TARGET_NAME = MovieAPP;
			};
			name = Release;
		};
/* End XCBuildConfiguration section */

/* Begin XCConfigurationList section */
		1C343B612C0220EF00222E59 /* Build configuration list for PBXProject "MovieAPP" */ = {
			isa = XCConfigurationList;
			buildConfigurations = (
				1C343B8E2C0220F000222E59 /* Debug */,
				1C343B8F2C0220F000222E59 /* Release */,
			);
			defaultConfigurationIsVisible = 0;
			defaultConfigurationName = Release;
		};
		1C343B902C0220F000222E59 /* Build configuration list for PBXNativeTarget "MovieAPP" */ = {
			isa = XCConfigurationList;
			buildConfigurations = (
				1C343B912C0220F000222E59 /* Debug */,
				1C343B922C0220F000222E59 /* Release */,
			);
			defaultConfigurationIsVisible = 0;
			defaultConfigurationName = Release;
		};
		1C343B932C0220F000222E59 /* Build configuration list for PBXNativeTarget "MovieAPPTests" */ = {
			isa = XCConfigurationList;
			buildConfigurations = (
				1C343B942C0220F000222E59 /* Debug */,
				1C343B952C0220F000222E59 /* Release */,
			);
			defaultConfigurationIsVisible = 0;
			defaultConfigurationName = Release;
		};
		1C343B962C0220F000222E59 /* Build configuration list for PBXNativeTarget "MovieAPPUITests" */ = {
			isa = XCConfigurationList;
			buildConfigurations = (
				1C343B972C0220F000222E59 /* Debug */,
				1C343B982C0220F000222E59 /* Release */,
			);
			defaultConfigurationIsVisible = 0;
			defaultConfigurationName = Release;
		};
/* End XCConfigurationList section */

/* Begin XCRemoteSwiftPackageReference section */
		1C7314CC2C028B1500C0DF8D /* XCRemoteSwiftPackageReference "Kingfisher" */ = {
			isa = XCRemoteSwiftPackageReference;
			repositoryURL = "https://github.com/onevcat/Kingfisher.git";
			requirement = {
				kind = upToNextMajorVersion;
				minimumVersion = 7.11.0;
			};
		};
/* End XCRemoteSwiftPackageReference section */

/* Begin XCSwiftPackageProductDependency section */
		1C7314CD2C028B1500C0DF8D /* Kingfisher */ = {
			isa = XCSwiftPackageProductDependency;
			package = 1C7314CC2C028B1500C0DF8D /* XCRemoteSwiftPackageReference "Kingfisher" */;
			productName = Kingfisher;
		};
/* End XCSwiftPackageProductDependency section */
	};
	rootObject = 1C343B5E2C0220EF00222E59 /* Project object */;
}
